
Microsoft Visual Studio Solution File, Format Version 12.00
# Visual Studio Version 17
VisualStudioVersion = 17.5.33530.505
MinimumVisualStudioVersion = 10.0.40219.1
Project("{FAE04EC0-301F-11D3-BF4B-00C04F79EFBC}") = "270423_NBUY", "270423_NBUY\270423_NBUY.csproj", "{B59F14BA-A163-4A5D-A1E7-78E6C73CB5EA}"
EndProject
Global
	GlobalSection(SolutionConfigurationPlatforms) = preSolution
		Debug|Any CPU = Debug|Any CPU
		Release|Any CPU = Release|Any CPU
	EndGlobalSection
	GlobalSection(ProjectConfigurationPlatforms) = postSolution
		{B59F14BA-A163-4A5D-A1E7-78E6C73CB5EA}.Debug|Any CPU.ActiveCfg = Debug|Any CPU
		{B59F14BA-A163-4A5D-A1E7-78E6C73CB5EA}.Debug|Any CPU.Build.0 = Debug|Any CPU
		{B59F14BA-A163-4A5D-A1E7-78E6C73CB5EA}.Release|Any CPU.ActiveCfg = Release|Any CPU
		{B59F14BA-A163-4A5D-A1E7-78E6C73CB5EA}.Release|Any CPU.Build.0 = Release|Any CPU
	EndGlobalSection
	GlobalSection(SolutionProperties) = preSolution
		HideSolutionNode = FALSE
	EndGlobalSection
	GlobalSection(ExtensibilityGlobals) = postSolution
		SolutionGuid = {2F31515E-C3EC-4F50-A231-8CE187ACE827}
	EndGlobalSection
EndGlobal
